
Microsoft Visual Studio Solution File, Format Version 12.00
# Visual Studio 15
VisualStudioVersion = 15.0.26730.16
MinimumVisualStudioVersion = 10.0.40219.1
Project("{803FD0C6-D64E-4E16-9DC3-1DAEC859A3D2}") = "riscv-openocd", "riscv-openocd.vgdbcmake", "{F818EE3D-E93C-434C-861C-2F535E704A75}"
EndProject
Global
	GlobalSection(SolutionConfigurationPlatforms) = preSolution
		Debug|VisualGDB = Debug|VisualGDB
		MinSizeRel|VisualGDB = MinSizeRel|VisualGDB
		Release|VisualGDB = Release|VisualGDB
		RelWithDebInfo|VisualGDB = RelWithDebInfo|VisualGDB
	EndGlobalSection
	GlobalSection(ProjectConfigurationPlatforms) = postSolution
		{F818EE3D-E93C-434C-861C-2F535E704A75}.Debug|VisualGDB.ActiveCfg = Debug|VisualGDB
		{F818EE3D-E93C-434C-861C-2F535E704A75}.Debug|VisualGDB.Build.0 = Debug|VisualGDB
		{F818EE3D-E93C-434C-861C-2F535E704A75}.MinSizeRel|VisualGDB.ActiveCfg = MinSizeRel|VisualGDB
		{F818EE3D-E93C-434C-861C-2F535E704A75}.MinSizeRel|VisualGDB.Build.0 = MinSizeRel|VisualGDB
		{F818EE3D-E93C-434C-861C-2F535E704A75}.Release|VisualGDB.ActiveCfg = Release|VisualGDB
		{F818EE3D-E93C-434C-861C-2F535E704A75}.Release|VisualGDB.Build.0 = Release|VisualGDB
		{F818EE3D-E93C-434C-861C-2F535E704A75}.RelWithDebInfo|VisualGDB.ActiveCfg = RelWithDebInfo|VisualGDB
		{F818EE3D-E93C-434C-861C-2F535E704A75}.RelWithDebInfo|VisualGDB.Build.0 = RelWithDebInfo|VisualGDB
	EndGlobalSection
	GlobalSection(SolutionProperties) = preSolution
		HideSolutionNode = FALSE
	EndGlobalSection
	GlobalSection(ExtensibilityGlobals) = postSolution
		SolutionGuid = {23522B19-C233-4764-9917-62A01FE267FB}
	EndGlobalSection
EndGlobal
